
Microsoft Visual Studio Solution File, Format Version 12.00
# Visual Studio Version 17
VisualStudioVersion = 17.5.33424.131
MinimumVisualStudioVersion = 10.0.40219.1
Project("{FAE04EC0-301F-11D3-BF4B-00C04F79EFBC}") = "TextGame", "TextGame\TextGame.csproj", "{538705C5-EB75-4E44-9DC7-F8B222837FF6}"
EndProject
Global
	GlobalSection(SolutionConfigurationPlatforms) = preSolution
		Debug|Any CPU = Debug|Any CPU
		Release|Any CPU = Release|Any CPU
	EndGlobalSection
	GlobalSection(ProjectConfigurationPlatforms) = postSolution
		{538705C5-EB75-4E44-9DC7-F8B222837FF6}.Debug|Any CPU.ActiveCfg = Debug|Any CPU
		{538705C5-EB75-4E44-9DC7-F8B222837FF6}.Debug|Any CPU.Build.0 = Debug|Any CPU
		{538705C5-EB75-4E44-9DC7-F8B222837FF6}.Release|Any CPU.ActiveCfg = Release|Any CPU
		{538705C5-EB75-4E44-9DC7-F8B222837FF6}.Release|Any CPU.Build.0 = Release|Any CPU
	EndGlobalSection
	GlobalSection(SolutionProperties) = preSolution
		HideSolutionNode = FALSE
	EndGlobalSection
	GlobalSection(ExtensibilityGlobals) = postSolution
		SolutionGuid = {EDE461F0-D05B-4D8A-BDC2-E274D1BFEC91}
	EndGlobalSection
EndGlobal
